
Microsoft Visual Studio Solution File, Format Version 12.00
# Visual Studio Version 16
VisualStudioVersion = 16.0.30002.166
MinimumVisualStudioVersion = 10.0.40219.1
Project("{FAE04EC0-301F-11D3-BF4B-00C04F79EFBC}") = "RecipeManager", "RecipeManager\RecipeManager.csproj", "{7F310B66-D33A-4CE6-84C8-55BFDE89783D}"
EndProject
Global
	GlobalSection(SolutionConfigurationPlatforms) = preSolution
		Debug|Any CPU = Debug|Any CPU
		Release|Any CPU = Release|Any CPU
	EndGlobalSection
	GlobalSection(ProjectConfigurationPlatforms) = postSolution
		{7F310B66-D33A-4CE6-84C8-55BFDE89783D}.Debug|Any CPU.ActiveCfg = Debug|Any CPU
		{7F310B66-D33A-4CE6-84C8-55BFDE89783D}.Debug|Any CPU.Build.0 = Debug|Any CPU
		{7F310B66-D33A-4CE6-84C8-55BFDE89783D}.Release|Any CPU.ActiveCfg = Release|Any CPU
		{7F310B66-D33A-4CE6-84C8-55BFDE89783D}.Release|Any CPU.Build.0 = Release|Any CPU
	EndGlobalSection
	GlobalSection(SolutionProperties) = preSolution
		HideSolutionNode = FALSE
	EndGlobalSection
	GlobalSection(ExtensibilityGlobals) = postSolution
		SolutionGuid = {34948BDA-343A-4158-BAE9-FE825C721B37}
	EndGlobalSection
EndGlobal
